
Microsoft Visual Studio Solution File, Format Version 12.00
# Visual Studio 15
VisualStudioVersion = 15.0.28010.2036
MinimumVisualStudioVersion = 10.0.40219.1
Project("{FAE04EC0-301F-11D3-BF4B-00C04F79EFBC}") = "Inwazja", "Inwazja.csproj", "{B863B3C2-FD2B-4A19-B46E-FDC6A1E6DAAF}"
EndProject
Global
	GlobalSection(SolutionConfigurationPlatforms) = preSolution
		Debug|Any CPU = Debug|Any CPU
		Release|Any CPU = Release|Any CPU
	EndGlobalSection
	GlobalSection(ProjectConfigurationPlatforms) = postSolution
		{B863B3C2-FD2B-4A19-B46E-FDC6A1E6DAAF}.Debug|Any CPU.ActiveCfg = Debug|Any CPU
		{B863B3C2-FD2B-4A19-B46E-FDC6A1E6DAAF}.Debug|Any CPU.Build.0 = Debug|Any CPU
		{B863B3C2-FD2B-4A19-B46E-FDC6A1E6DAAF}.Release|Any CPU.ActiveCfg = Release|Any CPU
		{B863B3C2-FD2B-4A19-B46E-FDC6A1E6DAAF}.Release|Any CPU.Build.0 = Release|Any CPU
	EndGlobalSection
	GlobalSection(SolutionProperties) = preSolution
		HideSolutionNode = FALSE
	EndGlobalSection
	GlobalSection(ExtensibilityGlobals) = postSolution
		SolutionGuid = {9B624775-28F3-46FE-AE25-ED23B5A6D9BA}
	EndGlobalSection
EndGlobal
